
Microsoft Visual Studio Solution File, Format Version 12.00
# Visual Studio 15
VisualStudioVersion = 15.0.28307.421
MinimumVisualStudioVersion = 10.0.40219.1
Project("{FAE04EC0-301F-11D3-BF4B-00C04F79EFBC}") = "DatabasePeople", "DatabasePeople\DatabasePeople.csproj", "{258F2F82-38C9-4D27-B822-B983C0A22381}"
EndProject
Project("{FAE04EC0-301F-11D3-BF4B-00C04F79EFBC}") = "DatabasePeople.Tests", "DatabasePeople.Tests\DatabasePeople.Tests.csproj", "{8DCABE72-F5B0-4CC3-9C6F-8558C3DAA1DD}"
EndProject
Global
	GlobalSection(SolutionConfigurationPlatforms) = preSolution
		Debug|Any CPU = Debug|Any CPU
		Release|Any CPU = Release|Any CPU
	EndGlobalSection
	GlobalSection(ProjectConfigurationPlatforms) = postSolution
		{258F2F82-38C9-4D27-B822-B983C0A22381}.Debug|Any CPU.ActiveCfg = Debug|Any CPU
		{258F2F82-38C9-4D27-B822-B983C0A22381}.Debug|Any CPU.Build.0 = Debug|Any CPU
		{258F2F82-38C9-4D27-B822-B983C0A22381}.Release|Any CPU.ActiveCfg = Release|Any CPU
		{258F2F82-38C9-4D27-B822-B983C0A22381}.Release|Any CPU.Build.0 = Release|Any CPU
		{8DCABE72-F5B0-4CC3-9C6F-8558C3DAA1DD}.Debug|Any CPU.ActiveCfg = Debug|Any CPU
		{8DCABE72-F5B0-4CC3-9C6F-8558C3DAA1DD}.Debug|Any CPU.Build.0 = Debug|Any CPU
		{8DCABE72-F5B0-4CC3-9C6F-8558C3DAA1DD}.Release|Any CPU.ActiveCfg = Release|Any CPU
		{8DCABE72-F5B0-4CC3-9C6F-8558C3DAA1DD}.Release|Any CPU.Build.0 = Release|Any CPU
	EndGlobalSection
	GlobalSection(SolutionProperties) = preSolution
		HideSolutionNode = FALSE
	EndGlobalSection
	GlobalSection(ExtensibilityGlobals) = postSolution
		SolutionGuid = {BABA10CE-3465-4978-A210-0DA2C288C4FD}
	EndGlobalSection
EndGlobal
