
Microsoft Visual Studio Solution File, Format Version 12.00
# Visual Studio Version 16
VisualStudioVersion = 16.0.29326.143
MinimumVisualStudioVersion = 10.0.40219.1
Project("{9A19103F-16F7-4668-BE54-9A1E7A4F7556}") = "P01_StudentSystem", "P01_StudentSystem\P01_StudentSystem.csproj", "{02BBEF34-7B7D-4EDC-BB78-8625F64FEED0}"
EndProject
Project("{FAE04EC0-301F-11D3-BF4B-00C04F79EFBC}") = "P03_FootballBetting", "P03_FootballBetting\P03_FootballBetting.csproj", "{BB54FF96-853F-45CD-84A2-122D1B8D2C95}"
EndProject
Global
	GlobalSection(SolutionConfigurationPlatforms) = preSolution
		Debug|Any CPU = Debug|Any CPU
		Release|Any CPU = Release|Any CPU
	EndGlobalSection
	GlobalSection(ProjectConfigurationPlatforms) = postSolution
		{02BBEF34-7B7D-4EDC-BB78-8625F64FEED0}.Debug|Any CPU.ActiveCfg = Debug|Any CPU
		{02BBEF34-7B7D-4EDC-BB78-8625F64FEED0}.Debug|Any CPU.Build.0 = Debug|Any CPU
		{02BBEF34-7B7D-4EDC-BB78-8625F64FEED0}.Release|Any CPU.ActiveCfg = Release|Any CPU
		{02BBEF34-7B7D-4EDC-BB78-8625F64FEED0}.Release|Any CPU.Build.0 = Release|Any CPU
		{BB54FF96-853F-45CD-84A2-122D1B8D2C95}.Debug|Any CPU.ActiveCfg = Debug|Any CPU
		{BB54FF96-853F-45CD-84A2-122D1B8D2C95}.Debug|Any CPU.Build.0 = Debug|Any CPU
		{BB54FF96-853F-45CD-84A2-122D1B8D2C95}.Release|Any CPU.ActiveCfg = Release|Any CPU
		{BB54FF96-853F-45CD-84A2-122D1B8D2C95}.Release|Any CPU.Build.0 = Release|Any CPU
	EndGlobalSection
	GlobalSection(SolutionProperties) = preSolution
		HideSolutionNode = FALSE
	EndGlobalSection
	GlobalSection(ExtensibilityGlobals) = postSolution
		SolutionGuid = {659C3774-534C-4A2E-9E50-59DC6D4B6123}
	EndGlobalSection
EndGlobal
