
Microsoft Visual Studio Solution File, Format Version 12.00
# Visual Studio 15
VisualStudioVersion = 15.0.28010.2046
MinimumVisualStudioVersion = 10.0.40219.1
Project("{FAE04EC0-301F-11D3-BF4B-00C04F79EFBC}") = "01.GenericsBoxOfString", "01.GenericsBoxOfString\01.GenericsBoxOfString.csproj", "{B9414DEB-3C66-46FC-BF65-CA9D1FFAE4BA}"
EndProject
Project("{FAE04EC0-301F-11D3-BF4B-00C04F79EFBC}") = "02.GenericBoxOfInteger", "02.GenericBoxOfInteger\02.GenericBoxOfInteger.csproj", "{F4419F0E-0ED5-4E12-B7DE-92B7B81BD2B6}"
EndProject
Project("{FAE04EC0-301F-11D3-BF4B-00C04F79EFBC}") = "03.GenericSwapMethodStrings", "03.GenericSwapMethodStrings\03.GenericSwapMethodStrings.csproj", "{2581FD3A-A8D3-49D3-B83B-0E3392E5B106}"
EndProject
Project("{FAE04EC0-301F-11D3-BF4B-00C04F79EFBC}") = "04.GenericSwapMethodIntegers", "04.GenericSwapMethodIntegers\04.GenericSwapMethodIntegers.csproj", "{E02DBBB9-FD4C-457C-B3DF-6C5B4EC4AD22}"
EndProject
Project("{FAE04EC0-301F-11D3-BF4B-00C04F79EFBC}") = "05.GenericCountMethodStrings", "05.GenericCountMethodStrings\05.GenericCountMethodStrings.csproj", "{BEDD05F5-EFB7-4503-B33B-ACF36AD77D71}"
EndProject
Project("{FAE04EC0-301F-11D3-BF4B-00C04F79EFBC}") = "06.GenericCountMethodDouble", "06.GenericCountMethodDouble\06.GenericCountMethodDouble.csproj", "{B2A3D842-162A-483C-A8ED-4A95DF0B8B9F}"
EndProject
Project("{FAE04EC0-301F-11D3-BF4B-00C04F79EFBC}") = "07.Tuple", "07.Tuple\07.Tuple.csproj", "{5E4064C4-11BF-4F69-A621-7161AD513EC7}"
EndProject
Project("{FAE04EC0-301F-11D3-BF4B-00C04F79EFBC}") = "08.Threeuple", "08.Threeuple\08.Threeuple.csproj", "{C35546CC-6099-4C33-A27B-C9F4E479C998}"
EndProject
Global
	GlobalSection(SolutionConfigurationPlatforms) = preSolution
		Debug|Any CPU = Debug|Any CPU
		Release|Any CPU = Release|Any CPU
	EndGlobalSection
	GlobalSection(ProjectConfigurationPlatforms) = postSolution
		{B9414DEB-3C66-46FC-BF65-CA9D1FFAE4BA}.Debug|Any CPU.ActiveCfg = Debug|Any CPU
		{B9414DEB-3C66-46FC-BF65-CA9D1FFAE4BA}.Debug|Any CPU.Build.0 = Debug|Any CPU
		{B9414DEB-3C66-46FC-BF65-CA9D1FFAE4BA}.Release|Any CPU.ActiveCfg = Release|Any CPU
		{B9414DEB-3C66-46FC-BF65-CA9D1FFAE4BA}.Release|Any CPU.Build.0 = Release|Any CPU
		{F4419F0E-0ED5-4E12-B7DE-92B7B81BD2B6}.Debug|Any CPU.ActiveCfg = Debug|Any CPU
		{F4419F0E-0ED5-4E12-B7DE-92B7B81BD2B6}.Debug|Any CPU.Build.0 = Debug|Any CPU
		{F4419F0E-0ED5-4E12-B7DE-92B7B81BD2B6}.Release|Any CPU.ActiveCfg = Release|Any CPU
		{F4419F0E-0ED5-4E12-B7DE-92B7B81BD2B6}.Release|Any CPU.Build.0 = Release|Any CPU
		{2581FD3A-A8D3-49D3-B83B-0E3392E5B106}.Debug|Any CPU.ActiveCfg = Debug|Any CPU
		{2581FD3A-A8D3-49D3-B83B-0E3392E5B106}.Debug|Any CPU.Build.0 = Debug|Any CPU
		{2581FD3A-A8D3-49D3-B83B-0E3392E5B106}.Release|Any CPU.ActiveCfg = Release|Any CPU
		{2581FD3A-A8D3-49D3-B83B-0E3392E5B106}.Release|Any CPU.Build.0 = Release|Any CPU
		{E02DBBB9-FD4C-457C-B3DF-6C5B4EC4AD22}.Debug|Any CPU.ActiveCfg = Debug|Any CPU
		{E02DBBB9-FD4C-457C-B3DF-6C5B4EC4AD22}.Debug|Any CPU.Build.0 = Debug|Any CPU
		{E02DBBB9-FD4C-457C-B3DF-6C5B4EC4AD22}.Release|Any CPU.ActiveCfg = Release|Any CPU
		{E02DBBB9-FD4C-457C-B3DF-6C5B4EC4AD22}.Release|Any CPU.Build.0 = Release|Any CPU
		{BEDD05F5-EFB7-4503-B33B-ACF36AD77D71}.Debug|Any CPU.ActiveCfg = Debug|Any CPU
		{BEDD05F5-EFB7-4503-B33B-ACF36AD77D71}.Debug|Any CPU.Build.0 = Debug|Any CPU
		{BEDD05F5-EFB7-4503-B33B-ACF36AD77D71}.Release|Any CPU.ActiveCfg = Release|Any CPU
		{BEDD05F5-EFB7-4503-B33B-ACF36AD77D71}.Release|Any CPU.Build.0 = Release|Any CPU
		{B2A3D842-162A-483C-A8ED-4A95DF0B8B9F}.Debug|Any CPU.ActiveCfg = Debug|Any CPU
		{B2A3D842-162A-483C-A8ED-4A95DF0B8B9F}.Debug|Any CPU.Build.0 = Debug|Any CPU
		{B2A3D842-162A-483C-A8ED-4A95DF0B8B9F}.Release|Any CPU.ActiveCfg = Release|Any CPU
		{B2A3D842-162A-483C-A8ED-4A95DF0B8B9F}.Release|Any CPU.Build.0 = Release|Any CPU
		{5E4064C4-11BF-4F69-A621-7161AD513EC7}.Debug|Any CPU.ActiveCfg = Debug|Any CPU
		{5E4064C4-11BF-4F69-A621-7161AD513EC7}.Debug|Any CPU.Build.0 = Debug|Any CPU
		{5E4064C4-11BF-4F69-A621-7161AD513EC7}.Release|Any CPU.ActiveCfg = Release|Any CPU
		{5E4064C4-11BF-4F69-A621-7161AD513EC7}.Release|Any CPU.Build.0 = Release|Any CPU
		{C35546CC-6099-4C33-A27B-C9F4E479C998}.Debug|Any CPU.ActiveCfg = Debug|Any CPU
		{C35546CC-6099-4C33-A27B-C9F4E479C998}.Debug|Any CPU.Build.0 = Debug|Any CPU
		{C35546CC-6099-4C33-A27B-C9F4E479C998}.Release|Any CPU.ActiveCfg = Release|Any CPU
		{C35546CC-6099-4C33-A27B-C9F4E479C998}.Release|Any CPU.Build.0 = Release|Any CPU
	EndGlobalSection
	GlobalSection(SolutionProperties) = preSolution
		HideSolutionNode = FALSE
	EndGlobalSection
	GlobalSection(ExtensibilityGlobals) = postSolution
		SolutionGuid = {1BD2EFDF-E6A4-48CA-B7F7-C2A1784A0AC8}
	EndGlobalSection
EndGlobal
