
Microsoft Visual Studio Solution File, Format Version 12.00
# Visual Studio 15
VisualStudioVersion = 15.0.27130.2027
MinimumVisualStudioVersion = 10.0.40219.1
Project("{FAE04EC0-301F-11D3-BF4B-00C04F79EFBC}") = "Password Guess", "Password Guess\Password Guess.csproj", "{75DC9991-548A-4BE7-8EFF-313E7E9BD010}"
EndProject
Project("{FAE04EC0-301F-11D3-BF4B-00C04F79EFBC}") = "Numbers 100 to 200", "Numbers 100 to 200\Numbers 100 to 200.csproj", "{164596AC-7ACD-403C-A073-07FD9A0AC969}"
EndProject
Project("{FAE04EC0-301F-11D3-BF4B-00C04F79EFBC}") = "Equal Words", "Equal Words\Equal Words.csproj", "{9A410A64-062C-4B99-9155-7B1A551F8334}"
EndProject
Project("{FAE04EC0-301F-11D3-BF4B-00C04F79EFBC}") = "Speed Info", "Speed Info\Speed Info.csproj", "{03DF7984-A7D5-475D-9C27-62E0FDB8B64D}"
EndProject
Project("{FAE04EC0-301F-11D3-BF4B-00C04F79EFBC}") = "Area of Figures", "Area of Figures\Area of Figures.csproj", "{544C8956-2319-4265-98A5-D196AD904EAE}"
EndProject
Project("{FAE04EC0-301F-11D3-BF4B-00C04F79EFBC}") = "Time + 15 Minutes", "Time + 15 Minutes\Time + 15 Minutes.csproj", "{9756203B-CF39-409C-8558-33682CD8EB07}"
EndProject
Project("{FAE04EC0-301F-11D3-BF4B-00C04F79EFBC}") = "3 Equal Numbers", "3 Equal Numbers\3 Equal Numbers.csproj", "{645B25D0-2420-46A2-9964-1B8F5C7C3195}"
EndProject
Global
	GlobalSection(SolutionConfigurationPlatforms) = preSolution
		Debug|Any CPU = Debug|Any CPU
		Debug|ARM = Debug|ARM
		Debug|x64 = Debug|x64
		Debug|x86 = Debug|x86
		Release|Any CPU = Release|Any CPU
		Release|ARM = Release|ARM
		Release|x64 = Release|x64
		Release|x86 = Release|x86
	EndGlobalSection
	GlobalSection(ProjectConfigurationPlatforms) = postSolution
		{75DC9991-548A-4BE7-8EFF-313E7E9BD010}.Debug|Any CPU.ActiveCfg = Debug|Any CPU
		{75DC9991-548A-4BE7-8EFF-313E7E9BD010}.Debug|Any CPU.Build.0 = Debug|Any CPU
		{75DC9991-548A-4BE7-8EFF-313E7E9BD010}.Debug|ARM.ActiveCfg = Debug|Any CPU
		{75DC9991-548A-4BE7-8EFF-313E7E9BD010}.Debug|ARM.Build.0 = Debug|Any CPU
		{75DC9991-548A-4BE7-8EFF-313E7E9BD010}.Debug|x64.ActiveCfg = Debug|Any CPU
		{75DC9991-548A-4BE7-8EFF-313E7E9BD010}.Debug|x64.Build.0 = Debug|Any CPU
		{75DC9991-548A-4BE7-8EFF-313E7E9BD010}.Debug|x86.ActiveCfg = Debug|Any CPU
		{75DC9991-548A-4BE7-8EFF-313E7E9BD010}.Debug|x86.Build.0 = Debug|Any CPU
		{75DC9991-548A-4BE7-8EFF-313E7E9BD010}.Release|Any CPU.ActiveCfg = Release|Any CPU
		{75DC9991-548A-4BE7-8EFF-313E7E9BD010}.Release|Any CPU.Build.0 = Release|Any CPU
		{75DC9991-548A-4BE7-8EFF-313E7E9BD010}.Release|ARM.ActiveCfg = Release|Any CPU
		{75DC9991-548A-4BE7-8EFF-313E7E9BD010}.Release|ARM.Build.0 = Release|Any CPU
		{75DC9991-548A-4BE7-8EFF-313E7E9BD010}.Release|x64.ActiveCfg = Release|Any CPU
		{75DC9991-548A-4BE7-8EFF-313E7E9BD010}.Release|x64.Build.0 = Release|Any CPU
		{75DC9991-548A-4BE7-8EFF-313E7E9BD010}.Release|x86.ActiveCfg = Release|Any CPU
		{75DC9991-548A-4BE7-8EFF-313E7E9BD010}.Release|x86.Build.0 = Release|Any CPU
		{164596AC-7ACD-403C-A073-07FD9A0AC969}.Debug|Any CPU.ActiveCfg = Debug|Any CPU
		{164596AC-7ACD-403C-A073-07FD9A0AC969}.Debug|Any CPU.Build.0 = Debug|Any CPU
		{164596AC-7ACD-403C-A073-07FD9A0AC969}.Debug|ARM.ActiveCfg = Debug|Any CPU
		{164596AC-7ACD-403C-A073-07FD9A0AC969}.Debug|ARM.Build.0 = Debug|Any CPU
		{164596AC-7ACD-403C-A073-07FD9A0AC969}.Debug|x64.ActiveCfg = Debug|Any CPU
		{164596AC-7ACD-403C-A073-07FD9A0AC969}.Debug|x64.Build.0 = Debug|Any CPU
		{164596AC-7ACD-403C-A073-07FD9A0AC969}.Debug|x86.ActiveCfg = Debug|Any CPU
		{164596AC-7ACD-403C-A073-07FD9A0AC969}.Debug|x86.Build.0 = Debug|Any CPU
		{164596AC-7ACD-403C-A073-07FD9A0AC969}.Release|Any CPU.ActiveCfg = Release|Any CPU
		{164596AC-7ACD-403C-A073-07FD9A0AC969}.Release|Any CPU.Build.0 = Release|Any CPU
		{164596AC-7ACD-403C-A073-07FD9A0AC969}.Release|ARM.ActiveCfg = Release|Any CPU
		{164596AC-7ACD-403C-A073-07FD9A0AC969}.Release|ARM.Build.0 = Release|Any CPU
		{164596AC-7ACD-403C-A073-07FD9A0AC969}.Release|x64.ActiveCfg = Release|Any CPU
		{164596AC-7ACD-403C-A073-07FD9A0AC969}.Release|x64.Build.0 = Release|Any CPU
		{164596AC-7ACD-403C-A073-07FD9A0AC969}.Release|x86.ActiveCfg = Release|Any CPU
		{164596AC-7ACD-403C-A073-07FD9A0AC969}.Release|x86.Build.0 = Release|Any CPU
		{9A410A64-062C-4B99-9155-7B1A551F8334}.Debug|Any CPU.ActiveCfg = Debug|Any CPU
		{9A410A64-062C-4B99-9155-7B1A551F8334}.Debug|Any CPU.Build.0 = Debug|Any CPU
		{9A410A64-062C-4B99-9155-7B1A551F8334}.Debug|ARM.ActiveCfg = Debug|Any CPU
		{9A410A64-062C-4B99-9155-7B1A551F8334}.Debug|ARM.Build.0 = Debug|Any CPU
		{9A410A64-062C-4B99-9155-7B1A551F8334}.Debug|x64.ActiveCfg = Debug|Any CPU
		{9A410A64-062C-4B99-9155-7B1A551F8334}.Debug|x64.Build.0 = Debug|Any CPU
		{9A410A64-062C-4B99-9155-7B1A551F8334}.Debug|x86.ActiveCfg = Debug|Any CPU
		{9A410A64-062C-4B99-9155-7B1A551F8334}.Debug|x86.Build.0 = Debug|Any CPU
		{9A410A64-062C-4B99-9155-7B1A551F8334}.Release|Any CPU.ActiveCfg = Release|Any CPU
		{9A410A64-062C-4B99-9155-7B1A551F8334}.Release|Any CPU.Build.0 = Release|Any CPU
		{9A410A64-062C-4B99-9155-7B1A551F8334}.Release|ARM.ActiveCfg = Release|Any CPU
		{9A410A64-062C-4B99-9155-7B1A551F8334}.Release|ARM.Build.0 = Release|Any CPU
		{9A410A64-062C-4B99-9155-7B1A551F8334}.Release|x64.ActiveCfg = Release|Any CPU
		{9A410A64-062C-4B99-9155-7B1A551F8334}.Release|x64.Build.0 = Release|Any CPU
		{9A410A64-062C-4B99-9155-7B1A551F8334}.Release|x86.ActiveCfg = Release|Any CPU
		{9A410A64-062C-4B99-9155-7B1A551F8334}.Release|x86.Build.0 = Release|Any CPU
		{03DF7984-A7D5-475D-9C27-62E0FDB8B64D}.Debug|Any CPU.ActiveCfg = Debug|Any CPU
		{03DF7984-A7D5-475D-9C27-62E0FDB8B64D}.Debug|Any CPU.Build.0 = Debug|Any CPU
		{03DF7984-A7D5-475D-9C27-62E0FDB8B64D}.Debug|ARM.ActiveCfg = Debug|Any CPU
		{03DF7984-A7D5-475D-9C27-62E0FDB8B64D}.Debug|ARM.Build.0 = Debug|Any CPU
		{03DF7984-A7D5-475D-9C27-62E0FDB8B64D}.Debug|x64.ActiveCfg = Debug|Any CPU
		{03DF7984-A7D5-475D-9C27-62E0FDB8B64D}.Debug|x64.Build.0 = Debug|Any CPU
		{03DF7984-A7D5-475D-9C27-62E0FDB8B64D}.Debug|x86.ActiveCfg = Debug|Any CPU
		{03DF7984-A7D5-475D-9C27-62E0FDB8B64D}.Debug|x86.Build.0 = Debug|Any CPU
		{03DF7984-A7D5-475D-9C27-62E0FDB8B64D}.Release|Any CPU.ActiveCfg = Release|Any CPU
		{03DF7984-A7D5-475D-9C27-62E0FDB8B64D}.Release|Any CPU.Build.0 = Release|Any CPU
		{03DF7984-A7D5-475D-9C27-62E0FDB8B64D}.Release|ARM.ActiveCfg = Release|Any CPU
		{03DF7984-A7D5-475D-9C27-62E0FDB8B64D}.Release|ARM.Build.0 = Release|Any CPU
		{03DF7984-A7D5-475D-9C27-62E0FDB8B64D}.Release|x64.ActiveCfg = Release|Any CPU
		{03DF7984-A7D5-475D-9C27-62E0FDB8B64D}.Release|x64.Build.0 = Release|Any CPU
		{03DF7984-A7D5-475D-9C27-62E0FDB8B64D}.Release|x86.ActiveCfg = Release|Any CPU
		{03DF7984-A7D5-475D-9C27-62E0FDB8B64D}.Release|x86.Build.0 = Release|Any CPU
		{544C8956-2319-4265-98A5-D196AD904EAE}.Debug|Any CPU.ActiveCfg = Debug|Any CPU
		{544C8956-2319-4265-98A5-D196AD904EAE}.Debug|Any CPU.Build.0 = Debug|Any CPU
		{544C8956-2319-4265-98A5-D196AD904EAE}.Debug|ARM.ActiveCfg = Debug|Any CPU
		{544C8956-2319-4265-98A5-D196AD904EAE}.Debug|ARM.Build.0 = Debug|Any CPU
		{544C8956-2319-4265-98A5-D196AD904EAE}.Debug|x64.ActiveCfg = Debug|Any CPU
		{544C8956-2319-4265-98A5-D196AD904EAE}.Debug|x64.Build.0 = Debug|Any CPU
		{544C8956-2319-4265-98A5-D196AD904EAE}.Debug|x86.ActiveCfg = Debug|Any CPU
		{544C8956-2319-4265-98A5-D196AD904EAE}.Debug|x86.Build.0 = Debug|Any CPU
		{544C8956-2319-4265-98A5-D196AD904EAE}.Release|Any CPU.ActiveCfg = Release|Any CPU
		{544C8956-2319-4265-98A5-D196AD904EAE}.Release|Any CPU.Build.0 = Release|Any CPU
		{544C8956-2319-4265-98A5-D196AD904EAE}.Release|ARM.ActiveCfg = Release|Any CPU
		{544C8956-2319-4265-98A5-D196AD904EAE}.Release|ARM.Build.0 = Release|Any CPU
		{544C8956-2319-4265-98A5-D196AD904EAE}.Release|x64.ActiveCfg = Release|Any CPU
		{544C8956-2319-4265-98A5-D196AD904EAE}.Release|x64.Build.0 = Release|Any CPU
		{544C8956-2319-4265-98A5-D196AD904EAE}.Release|x86.ActiveCfg = Release|Any CPU
		{544C8956-2319-4265-98A5-D196AD904EAE}.Release|x86.Build.0 = Release|Any CPU
		{9756203B-CF39-409C-8558-33682CD8EB07}.Debug|Any CPU.ActiveCfg = Debug|Any CPU
		{9756203B-CF39-409C-8558-33682CD8EB07}.Debug|Any CPU.Build.0 = Debug|Any CPU
		{9756203B-CF39-409C-8558-33682CD8EB07}.Debug|ARM.ActiveCfg = Debug|Any CPU
		{9756203B-CF39-409C-8558-33682CD8EB07}.Debug|ARM.Build.0 = Debug|Any CPU
		{9756203B-CF39-409C-8558-33682CD8EB07}.Debug|x64.ActiveCfg = Debug|Any CPU
		{9756203B-CF39-409C-8558-33682CD8EB07}.Debug|x64.Build.0 = Debug|Any CPU
		{9756203B-CF39-409C-8558-33682CD8EB07}.Debug|x86.ActiveCfg = Debug|Any CPU
		{9756203B-CF39-409C-8558-33682CD8EB07}.Debug|x86.Build.0 = Debug|Any CPU
		{9756203B-CF39-409C-8558-33682CD8EB07}.Release|Any CPU.ActiveCfg = Release|Any CPU
		{9756203B-CF39-409C-8558-33682CD8EB07}.Release|Any CPU.Build.0 = Release|Any CPU
		{9756203B-CF39-409C-8558-33682CD8EB07}.Release|ARM.ActiveCfg = Release|Any CPU
		{9756203B-CF39-409C-8558-33682CD8EB07}.Release|ARM.Build.0 = Release|Any CPU
		{9756203B-CF39-409C-8558-33682CD8EB07}.Release|x64.ActiveCfg = Release|Any CPU
		{9756203B-CF39-409C-8558-33682CD8EB07}.Release|x64.Build.0 = Release|Any CPU
		{9756203B-CF39-409C-8558-33682CD8EB07}.Release|x86.ActiveCfg = Release|Any CPU
		{9756203B-CF39-409C-8558-33682CD8EB07}.Release|x86.Build.0 = Release|Any CPU
		{645B25D0-2420-46A2-9964-1B8F5C7C3195}.Debug|Any CPU.ActiveCfg = Debug|Any CPU
		{645B25D0-2420-46A2-9964-1B8F5C7C3195}.Debug|Any CPU.Build.0 = Debug|Any CPU
		{645B25D0-2420-46A2-9964-1B8F5C7C3195}.Debug|ARM.ActiveCfg = Debug|Any CPU
		{645B25D0-2420-46A2-9964-1B8F5C7C3195}.Debug|ARM.Build.0 = Debug|Any CPU
		{645B25D0-2420-46A2-9964-1B8F5C7C3195}.Debug|x64.ActiveCfg = Debug|Any CPU
		{645B25D0-2420-46A2-9964-1B8F5C7C3195}.Debug|x64.Build.0 = Debug|Any CPU
		{645B25D0-2420-46A2-9964-1B8F5C7C3195}.Debug|x86.ActiveCfg = Debug|Any CPU
		{645B25D0-2420-46A2-9964-1B8F5C7C3195}.Debug|x86.Build.0 = Debug|Any CPU
		{645B25D0-2420-46A2-9964-1B8F5C7C3195}.Release|Any CPU.ActiveCfg = Release|Any CPU
		{645B25D0-2420-46A2-9964-1B8F5C7C3195}.Release|Any CPU.Build.0 = Release|Any CPU
		{645B25D0-2420-46A2-9964-1B8F5C7C3195}.Release|ARM.ActiveCfg = Release|Any CPU
		{645B25D0-2420-46A2-9964-1B8F5C7C3195}.Release|ARM.Build.0 = Release|Any CPU
		{645B25D0-2420-46A2-9964-1B8F5C7C3195}.Release|x64.ActiveCfg = Release|Any CPU
		{645B25D0-2420-46A2-9964-1B8F5C7C3195}.Release|x64.Build.0 = Release|Any CPU
		{645B25D0-2420-46A2-9964-1B8F5C7C3195}.Release|x86.ActiveCfg = Release|Any CPU
		{645B25D0-2420-46A2-9964-1B8F5C7C3195}.Release|x86.Build.0 = Release|Any CPU
	EndGlobalSection
	GlobalSection(SolutionProperties) = preSolution
		HideSolutionNode = FALSE
	EndGlobalSection
	GlobalSection(ExtensibilityGlobals) = postSolution
		SolutionGuid = {7E7E7D2F-FCEB-49EA-8B66-74C11E843152}
	EndGlobalSection
EndGlobal
