
Microsoft Visual Studio Solution File, Format Version 12.00
# Visual Studio 15
VisualStudioVersion = 15.0.28010.2046
MinimumVisualStudioVersion = 10.0.40219.1
Project("{FAE04EC0-301F-11D3-BF4B-00C04F79EFBC}") = "Problem 1. Messeging", "Problem 1. Messeging\Problem 1. Messeging.csproj", "{45B91DE8-2FE2-4EAE-AF58-0FE0E96C641C}"
EndProject
Project("{FAE04EC0-301F-11D3-BF4B-00C04F79EFBC}") = "Problem 2. Car Race", "Problem 2. Car Race\Problem 2. Car Race.csproj", "{6C17D301-6CD8-4526-B3F2-0B7BB471F32B}"
EndProject
Global
	GlobalSection(SolutionConfigurationPlatforms) = preSolution
		Debug|Any CPU = Debug|Any CPU
		Release|Any CPU = Release|Any CPU
	EndGlobalSection
	GlobalSection(ProjectConfigurationPlatforms) = postSolution
		{45B91DE8-2FE2-4EAE-AF58-0FE0E96C641C}.Debug|Any CPU.ActiveCfg = Debug|Any CPU
		{45B91DE8-2FE2-4EAE-AF58-0FE0E96C641C}.Debug|Any CPU.Build.0 = Debug|Any CPU
		{45B91DE8-2FE2-4EAE-AF58-0FE0E96C641C}.Release|Any CPU.ActiveCfg = Release|Any CPU
		{45B91DE8-2FE2-4EAE-AF58-0FE0E96C641C}.Release|Any CPU.Build.0 = Release|Any CPU
		{6C17D301-6CD8-4526-B3F2-0B7BB471F32B}.Debug|Any CPU.ActiveCfg = Debug|Any CPU
		{6C17D301-6CD8-4526-B3F2-0B7BB471F32B}.Debug|Any CPU.Build.0 = Debug|Any CPU
		{6C17D301-6CD8-4526-B3F2-0B7BB471F32B}.Release|Any CPU.ActiveCfg = Release|Any CPU
		{6C17D301-6CD8-4526-B3F2-0B7BB471F32B}.Release|Any CPU.Build.0 = Release|Any CPU
	EndGlobalSection
	GlobalSection(SolutionProperties) = preSolution
		HideSolutionNode = FALSE
	EndGlobalSection
	GlobalSection(ExtensibilityGlobals) = postSolution
		SolutionGuid = {FF821A38-4E56-4D00-9D33-AEBF18850E53}
	EndGlobalSection
EndGlobal
