
Microsoft Visual Studio Solution File, Format Version 12.00
# Visual Studio 15
VisualStudioVersion = 15.0.28010.2046
MinimumVisualStudioVersion = 10.0.40219.1
Project("{9A19103F-16F7-4668-BE54-9A1E7A4F7556}") = "Problem 1. Even Lines", "Problem 1. Even Lines\Problem 1. Even Lines.csproj", "{34CDB0AF-8C1A-4D1B-A005-264DA775F703}"
EndProject
Project("{9A19103F-16F7-4668-BE54-9A1E7A4F7556}") = "Problem 2. Line Numbers", "Problem 2. Line Numbers\Problem 2. Line Numbers.csproj", "{47EDA6D9-26A0-472E-9D6B-C2298D1A050F}"
EndProject
Project("{9A19103F-16F7-4668-BE54-9A1E7A4F7556}") = "Problem 3. Word Count", "Problem 3. Word Count\Problem 3. Word Count.csproj", "{645249A5-3100-401A-B20A-EF5870932568}"
EndProject
Project("{FAE04EC0-301F-11D3-BF4B-00C04F79EFBC}") = "Problem 4. Copy Binery File", "Problem 4. Copy Binery File\Problem 4. Copy Binery File.csproj", "{D6BC1990-DA21-42A3-B089-34AAEBE14AE9}"
EndProject
Project("{FAE04EC0-301F-11D3-BF4B-00C04F79EFBC}") = "Problem 6. Full Directory Traversial", "Problem 6. Full Directory Traversial\Problem 6. Full Directory Traversial.csproj", "{91990851-6B95-4498-A4D1-C27E93CFDE1A}"
EndProject
Project("{FAE04EC0-301F-11D3-BF4B-00C04F79EFBC}") = "Problem 5. Directory Traversal", "Problem 5. Directory Traversal\Problem 5. Directory Traversal.csproj", "{8F2118E7-F3A0-48A5-AE3E-D4C2FF1AE27B}"
EndProject
Global
	GlobalSection(SolutionConfigurationPlatforms) = preSolution
		Debug|Any CPU = Debug|Any CPU
		Release|Any CPU = Release|Any CPU
	EndGlobalSection
	GlobalSection(ProjectConfigurationPlatforms) = postSolution
		{34CDB0AF-8C1A-4D1B-A005-264DA775F703}.Debug|Any CPU.ActiveCfg = Debug|Any CPU
		{34CDB0AF-8C1A-4D1B-A005-264DA775F703}.Debug|Any CPU.Build.0 = Debug|Any CPU
		{34CDB0AF-8C1A-4D1B-A005-264DA775F703}.Release|Any CPU.ActiveCfg = Release|Any CPU
		{34CDB0AF-8C1A-4D1B-A005-264DA775F703}.Release|Any CPU.Build.0 = Release|Any CPU
		{47EDA6D9-26A0-472E-9D6B-C2298D1A050F}.Debug|Any CPU.ActiveCfg = Debug|Any CPU
		{47EDA6D9-26A0-472E-9D6B-C2298D1A050F}.Debug|Any CPU.Build.0 = Debug|Any CPU
		{47EDA6D9-26A0-472E-9D6B-C2298D1A050F}.Release|Any CPU.ActiveCfg = Release|Any CPU
		{47EDA6D9-26A0-472E-9D6B-C2298D1A050F}.Release|Any CPU.Build.0 = Release|Any CPU
		{645249A5-3100-401A-B20A-EF5870932568}.Debug|Any CPU.ActiveCfg = Debug|Any CPU
		{645249A5-3100-401A-B20A-EF5870932568}.Debug|Any CPU.Build.0 = Debug|Any CPU
		{645249A5-3100-401A-B20A-EF5870932568}.Release|Any CPU.ActiveCfg = Release|Any CPU
		{645249A5-3100-401A-B20A-EF5870932568}.Release|Any CPU.Build.0 = Release|Any CPU
		{D6BC1990-DA21-42A3-B089-34AAEBE14AE9}.Debug|Any CPU.ActiveCfg = Debug|Any CPU
		{D6BC1990-DA21-42A3-B089-34AAEBE14AE9}.Debug|Any CPU.Build.0 = Debug|Any CPU
		{D6BC1990-DA21-42A3-B089-34AAEBE14AE9}.Release|Any CPU.ActiveCfg = Release|Any CPU
		{D6BC1990-DA21-42A3-B089-34AAEBE14AE9}.Release|Any CPU.Build.0 = Release|Any CPU
		{91990851-6B95-4498-A4D1-C27E93CFDE1A}.Debug|Any CPU.ActiveCfg = Debug|Any CPU
		{91990851-6B95-4498-A4D1-C27E93CFDE1A}.Debug|Any CPU.Build.0 = Debug|Any CPU
		{91990851-6B95-4498-A4D1-C27E93CFDE1A}.Release|Any CPU.ActiveCfg = Release|Any CPU
		{91990851-6B95-4498-A4D1-C27E93CFDE1A}.Release|Any CPU.Build.0 = Release|Any CPU
		{8F2118E7-F3A0-48A5-AE3E-D4C2FF1AE27B}.Debug|Any CPU.ActiveCfg = Debug|Any CPU
		{8F2118E7-F3A0-48A5-AE3E-D4C2FF1AE27B}.Debug|Any CPU.Build.0 = Debug|Any CPU
		{8F2118E7-F3A0-48A5-AE3E-D4C2FF1AE27B}.Release|Any CPU.ActiveCfg = Release|Any CPU
		{8F2118E7-F3A0-48A5-AE3E-D4C2FF1AE27B}.Release|Any CPU.Build.0 = Release|Any CPU
	EndGlobalSection
	GlobalSection(SolutionProperties) = preSolution
		HideSolutionNode = FALSE
	EndGlobalSection
	GlobalSection(ExtensibilityGlobals) = postSolution
		SolutionGuid = {F9580E0F-ABA9-4479-B1C7-F609A6EF5D00}
	EndGlobalSection
EndGlobal
