
Microsoft Visual Studio Solution File, Format Version 12.00
# Visual Studio 15
VisualStudioVersion = 15.0.28307.421
MinimumVisualStudioVersion = 10.0.40219.1
Project("{9A19103F-16F7-4668-BE54-9A1E7A4F7556}") = "01.Vehicles", "01.Vehicles\01.Vehicles.csproj", "{F11CBDD3-029F-448E-A3D7-EF65165792AE}"
EndProject
Project("{9A19103F-16F7-4668-BE54-9A1E7A4F7556}") = "02.VehicleExtentions", "02.VehicleExtentions\02.VehicleExtentions.csproj", "{A4C5AD1D-7A9D-475E-B121-530DF4EC66AA}"
EndProject
Project("{FAE04EC0-301F-11D3-BF4B-00C04F79EFBC}") = "03.WildFarm", "03.WildFarm\03.WildFarm.csproj", "{6EAC04AF-E585-4190-84F4-7AD1F1FD91AD}"
EndProject
Global
	GlobalSection(SolutionConfigurationPlatforms) = preSolution
		Debug|Any CPU = Debug|Any CPU
		Release|Any CPU = Release|Any CPU
	EndGlobalSection
	GlobalSection(ProjectConfigurationPlatforms) = postSolution
		{F11CBDD3-029F-448E-A3D7-EF65165792AE}.Debug|Any CPU.ActiveCfg = Debug|Any CPU
		{F11CBDD3-029F-448E-A3D7-EF65165792AE}.Debug|Any CPU.Build.0 = Debug|Any CPU
		{F11CBDD3-029F-448E-A3D7-EF65165792AE}.Release|Any CPU.ActiveCfg = Release|Any CPU
		{F11CBDD3-029F-448E-A3D7-EF65165792AE}.Release|Any CPU.Build.0 = Release|Any CPU
		{A4C5AD1D-7A9D-475E-B121-530DF4EC66AA}.Debug|Any CPU.ActiveCfg = Debug|Any CPU
		{A4C5AD1D-7A9D-475E-B121-530DF4EC66AA}.Debug|Any CPU.Build.0 = Debug|Any CPU
		{A4C5AD1D-7A9D-475E-B121-530DF4EC66AA}.Release|Any CPU.ActiveCfg = Release|Any CPU
		{A4C5AD1D-7A9D-475E-B121-530DF4EC66AA}.Release|Any CPU.Build.0 = Release|Any CPU
		{6EAC04AF-E585-4190-84F4-7AD1F1FD91AD}.Debug|Any CPU.ActiveCfg = Debug|Any CPU
		{6EAC04AF-E585-4190-84F4-7AD1F1FD91AD}.Debug|Any CPU.Build.0 = Debug|Any CPU
		{6EAC04AF-E585-4190-84F4-7AD1F1FD91AD}.Release|Any CPU.ActiveCfg = Release|Any CPU
		{6EAC04AF-E585-4190-84F4-7AD1F1FD91AD}.Release|Any CPU.Build.0 = Release|Any CPU
	EndGlobalSection
	GlobalSection(SolutionProperties) = preSolution
		HideSolutionNode = FALSE
	EndGlobalSection
	GlobalSection(ExtensibilityGlobals) = postSolution
		SolutionGuid = {2285F276-B81E-4BF9-9CD9-23EA82F3EE5F}
	EndGlobalSection
EndGlobal
