
Microsoft Visual Studio Solution File, Format Version 12.00
# Visual Studio 15
VisualStudioVersion = 15.0.28010.2046
MinimumVisualStudioVersion = 10.0.40219.1
Project("{9A19103F-16F7-4668-BE54-9A1E7A4F7556}") = "Problem 1. Baking Masterclass", "Problem 1. Baking Masterclass\Problem 1. Baking Masterclass.csproj", "{5CD685A9-AC36-4622-82FB-EA62B77655D8}"
EndProject
Project("{9A19103F-16F7-4668-BE54-9A1E7A4F7556}") = "Problem 2. Backing Rush", "Problem 2. Backing Rush\Problem 2. Backing Rush.csproj", "{A5097239-D2E4-42BD-A00D-800CCA3C2A10}"
EndProject
Project("{FAE04EC0-301F-11D3-BF4B-00C04F79EFBC}") = "Problem 3. Baking Factory", "Problem 3. Baking Factory\Problem 3. Baking Factory.csproj", "{F1BFF955-0F7D-49F7-821E-421F31D4B90D}"
EndProject
Global
	GlobalSection(SolutionConfigurationPlatforms) = preSolution
		Debug|Any CPU = Debug|Any CPU
		Release|Any CPU = Release|Any CPU
	EndGlobalSection
	GlobalSection(ProjectConfigurationPlatforms) = postSolution
		{5CD685A9-AC36-4622-82FB-EA62B77655D8}.Debug|Any CPU.ActiveCfg = Debug|Any CPU
		{5CD685A9-AC36-4622-82FB-EA62B77655D8}.Debug|Any CPU.Build.0 = Debug|Any CPU
		{5CD685A9-AC36-4622-82FB-EA62B77655D8}.Release|Any CPU.ActiveCfg = Release|Any CPU
		{5CD685A9-AC36-4622-82FB-EA62B77655D8}.Release|Any CPU.Build.0 = Release|Any CPU
		{A5097239-D2E4-42BD-A00D-800CCA3C2A10}.Debug|Any CPU.ActiveCfg = Debug|Any CPU
		{A5097239-D2E4-42BD-A00D-800CCA3C2A10}.Debug|Any CPU.Build.0 = Debug|Any CPU
		{A5097239-D2E4-42BD-A00D-800CCA3C2A10}.Release|Any CPU.ActiveCfg = Release|Any CPU
		{A5097239-D2E4-42BD-A00D-800CCA3C2A10}.Release|Any CPU.Build.0 = Release|Any CPU
		{F1BFF955-0F7D-49F7-821E-421F31D4B90D}.Debug|Any CPU.ActiveCfg = Debug|Any CPU
		{F1BFF955-0F7D-49F7-821E-421F31D4B90D}.Debug|Any CPU.Build.0 = Debug|Any CPU
		{F1BFF955-0F7D-49F7-821E-421F31D4B90D}.Release|Any CPU.ActiveCfg = Release|Any CPU
		{F1BFF955-0F7D-49F7-821E-421F31D4B90D}.Release|Any CPU.Build.0 = Release|Any CPU
	EndGlobalSection
	GlobalSection(SolutionProperties) = preSolution
		HideSolutionNode = FALSE
	EndGlobalSection
	GlobalSection(ExtensibilityGlobals) = postSolution
		SolutionGuid = {556BDD57-C97C-4F44-9E24-280F124141CF}
	EndGlobalSection
EndGlobal
