
Microsoft Visual Studio Solution File, Format Version 12.00
# Visual Studio 15
VisualStudioVersion = 15.0.28307.421
MinimumVisualStudioVersion = 10.0.40219.1
Project("{FAE04EC0-301F-11D3-BF4B-00C04F79EFBC}") = "01.TestAxe", "01.TestAxe\01.TestAxe.csproj", "{58672A6B-3EF2-4AF6-8390-86B2006BC427}"
EndProject
Project("{FAE04EC0-301F-11D3-BF4B-00C04F79EFBC}") = "TestAxe.Tests", "TestAxe.Tests\TestAxe.Tests.csproj", "{29464293-3403-4555-8170-0B8F4ACDE1BC}"
EndProject
Global
	GlobalSection(SolutionConfigurationPlatforms) = preSolution
		Debug|Any CPU = Debug|Any CPU
		Release|Any CPU = Release|Any CPU
	EndGlobalSection
	GlobalSection(ProjectConfigurationPlatforms) = postSolution
		{58672A6B-3EF2-4AF6-8390-86B2006BC427}.Debug|Any CPU.ActiveCfg = Debug|Any CPU
		{58672A6B-3EF2-4AF6-8390-86B2006BC427}.Debug|Any CPU.Build.0 = Debug|Any CPU
		{58672A6B-3EF2-4AF6-8390-86B2006BC427}.Release|Any CPU.ActiveCfg = Release|Any CPU
		{58672A6B-3EF2-4AF6-8390-86B2006BC427}.Release|Any CPU.Build.0 = Release|Any CPU
		{29464293-3403-4555-8170-0B8F4ACDE1BC}.Debug|Any CPU.ActiveCfg = Debug|Any CPU
		{29464293-3403-4555-8170-0B8F4ACDE1BC}.Debug|Any CPU.Build.0 = Debug|Any CPU
		{29464293-3403-4555-8170-0B8F4ACDE1BC}.Release|Any CPU.ActiveCfg = Release|Any CPU
		{29464293-3403-4555-8170-0B8F4ACDE1BC}.Release|Any CPU.Build.0 = Release|Any CPU
	EndGlobalSection
	GlobalSection(SolutionProperties) = preSolution
		HideSolutionNode = FALSE
	EndGlobalSection
	GlobalSection(ExtensibilityGlobals) = postSolution
		SolutionGuid = {C63E1900-4E14-4DF0-832F-879D74582ECE}
	EndGlobalSection
EndGlobal
