
Microsoft Visual Studio Solution File, Format Version 12.00
# Visual Studio 15
VisualStudioVersion = 15.0.28010.2046
MinimumVisualStudioVersion = 10.0.40219.1
Project("{9A19103F-16F7-4668-BE54-9A1E7A4F7556}") = "Problem 1. Unique Usernames", "Problem 1. Unique Usernames\Problem 1. Unique Usernames.csproj", "{DFA75A6B-B8B6-42F2-9160-EE5EFEB744AD}"
EndProject
Project("{9A19103F-16F7-4668-BE54-9A1E7A4F7556}") = "Problem 2. Sets Of Elements", "Problem 2. Sets Of Elements\Problem 2. Sets Of Elements.csproj", "{3A1BBB59-92ED-4ED4-956E-01032DB52B73}"
EndProject
Project("{9A19103F-16F7-4668-BE54-9A1E7A4F7556}") = "Problem 3. Periodic Table", "Problem 3. Periodic Table\Problem 3. Periodic Table.csproj", "{32C15AB9-908B-4A60-B547-15E75005B532}"
EndProject
Project("{9A19103F-16F7-4668-BE54-9A1E7A4F7556}") = "Problem 4. Even Times", "Problem 4. Even Times\Problem 4. Even Times.csproj", "{CF5001C9-DFC6-4B79-B005-BC6CB545D2F7}"
EndProject
Project("{9A19103F-16F7-4668-BE54-9A1E7A4F7556}") = "Problem 5. Count Symbols", "Problem 5. Count Symbols\Problem 5. Count Symbols.csproj", "{8F02D612-781A-4948-B925-7612D78FAD02}"
EndProject
Project("{9A19103F-16F7-4668-BE54-9A1E7A4F7556}") = "Problem 6. Wardrobe", "Problem 6. Wardrobe\Problem 6. Wardrobe.csproj", "{1B69530B-D53D-46D5-AB3F-CA139CDFA292}"
EndProject
Project("{FAE04EC0-301F-11D3-BF4B-00C04F79EFBC}") = "Problem 7. The V-Logger", "Problem 7. The V-Logger\Problem 7. The V-Logger.csproj", "{0EFF9367-41D6-43FB-A181-BFC27EA58A8E}"
EndProject
Global
	GlobalSection(SolutionConfigurationPlatforms) = preSolution
		Debug|Any CPU = Debug|Any CPU
		Release|Any CPU = Release|Any CPU
	EndGlobalSection
	GlobalSection(ProjectConfigurationPlatforms) = postSolution
		{DFA75A6B-B8B6-42F2-9160-EE5EFEB744AD}.Debug|Any CPU.ActiveCfg = Debug|Any CPU
		{DFA75A6B-B8B6-42F2-9160-EE5EFEB744AD}.Debug|Any CPU.Build.0 = Debug|Any CPU
		{DFA75A6B-B8B6-42F2-9160-EE5EFEB744AD}.Release|Any CPU.ActiveCfg = Release|Any CPU
		{DFA75A6B-B8B6-42F2-9160-EE5EFEB744AD}.Release|Any CPU.Build.0 = Release|Any CPU
		{3A1BBB59-92ED-4ED4-956E-01032DB52B73}.Debug|Any CPU.ActiveCfg = Debug|Any CPU
		{3A1BBB59-92ED-4ED4-956E-01032DB52B73}.Debug|Any CPU.Build.0 = Debug|Any CPU
		{3A1BBB59-92ED-4ED4-956E-01032DB52B73}.Release|Any CPU.ActiveCfg = Release|Any CPU
		{3A1BBB59-92ED-4ED4-956E-01032DB52B73}.Release|Any CPU.Build.0 = Release|Any CPU
		{32C15AB9-908B-4A60-B547-15E75005B532}.Debug|Any CPU.ActiveCfg = Debug|Any CPU
		{32C15AB9-908B-4A60-B547-15E75005B532}.Debug|Any CPU.Build.0 = Debug|Any CPU
		{32C15AB9-908B-4A60-B547-15E75005B532}.Release|Any CPU.ActiveCfg = Release|Any CPU
		{32C15AB9-908B-4A60-B547-15E75005B532}.Release|Any CPU.Build.0 = Release|Any CPU
		{CF5001C9-DFC6-4B79-B005-BC6CB545D2F7}.Debug|Any CPU.ActiveCfg = Debug|Any CPU
		{CF5001C9-DFC6-4B79-B005-BC6CB545D2F7}.Debug|Any CPU.Build.0 = Debug|Any CPU
		{CF5001C9-DFC6-4B79-B005-BC6CB545D2F7}.Release|Any CPU.ActiveCfg = Release|Any CPU
		{CF5001C9-DFC6-4B79-B005-BC6CB545D2F7}.Release|Any CPU.Build.0 = Release|Any CPU
		{8F02D612-781A-4948-B925-7612D78FAD02}.Debug|Any CPU.ActiveCfg = Debug|Any CPU
		{8F02D612-781A-4948-B925-7612D78FAD02}.Debug|Any CPU.Build.0 = Debug|Any CPU
		{8F02D612-781A-4948-B925-7612D78FAD02}.Release|Any CPU.ActiveCfg = Release|Any CPU
		{8F02D612-781A-4948-B925-7612D78FAD02}.Release|Any CPU.Build.0 = Release|Any CPU
		{1B69530B-D53D-46D5-AB3F-CA139CDFA292}.Debug|Any CPU.ActiveCfg = Debug|Any CPU
		{1B69530B-D53D-46D5-AB3F-CA139CDFA292}.Debug|Any CPU.Build.0 = Debug|Any CPU
		{1B69530B-D53D-46D5-AB3F-CA139CDFA292}.Release|Any CPU.ActiveCfg = Release|Any CPU
		{1B69530B-D53D-46D5-AB3F-CA139CDFA292}.Release|Any CPU.Build.0 = Release|Any CPU
		{0EFF9367-41D6-43FB-A181-BFC27EA58A8E}.Debug|Any CPU.ActiveCfg = Debug|Any CPU
		{0EFF9367-41D6-43FB-A181-BFC27EA58A8E}.Debug|Any CPU.Build.0 = Debug|Any CPU
		{0EFF9367-41D6-43FB-A181-BFC27EA58A8E}.Release|Any CPU.ActiveCfg = Release|Any CPU
		{0EFF9367-41D6-43FB-A181-BFC27EA58A8E}.Release|Any CPU.Build.0 = Release|Any CPU
	EndGlobalSection
	GlobalSection(SolutionProperties) = preSolution
		HideSolutionNode = FALSE
	EndGlobalSection
	GlobalSection(ExtensibilityGlobals) = postSolution
		SolutionGuid = {987F63BE-BA0E-431E-BB77-3DF2F74A5904}
	EndGlobalSection
EndGlobal
