
Microsoft Visual Studio Solution File, Format Version 12.00
# Visual Studio 15
VisualStudioVersion = 15.0.28010.2046
MinimumVisualStudioVersion = 10.0.40219.1
Project("{9A19103F-16F7-4668-BE54-9A1E7A4F7556}") = "01.Listyterator", "01.Listyterator\01.Listyterator.csproj", "{5A5650B2-0C77-499E-BBDD-DF321A20C70F}"
EndProject
Project("{9A19103F-16F7-4668-BE54-9A1E7A4F7556}") = "02.Collection", "02.Collection\02.Collection.csproj", "{ECD0D927-3E0C-4458-8941-92C2EFEC8F0F}"
EndProject
Project("{9A19103F-16F7-4668-BE54-9A1E7A4F7556}") = "03.Stack", "03.Stack\03.Stack.csproj", "{7ACF798C-B743-4BBC-A075-389B10791664}"
EndProject
Project("{FAE04EC0-301F-11D3-BF4B-00C04F79EFBC}") = "04.Froggy", "04.Froggy\04.Froggy.csproj", "{70D6676A-4C58-4EF3-A39C-E4107472587C}"
EndProject
Global
	GlobalSection(SolutionConfigurationPlatforms) = preSolution
		Debug|Any CPU = Debug|Any CPU
		Release|Any CPU = Release|Any CPU
	EndGlobalSection
	GlobalSection(ProjectConfigurationPlatforms) = postSolution
		{5A5650B2-0C77-499E-BBDD-DF321A20C70F}.Debug|Any CPU.ActiveCfg = Debug|Any CPU
		{5A5650B2-0C77-499E-BBDD-DF321A20C70F}.Debug|Any CPU.Build.0 = Debug|Any CPU
		{5A5650B2-0C77-499E-BBDD-DF321A20C70F}.Release|Any CPU.ActiveCfg = Release|Any CPU
		{5A5650B2-0C77-499E-BBDD-DF321A20C70F}.Release|Any CPU.Build.0 = Release|Any CPU
		{ECD0D927-3E0C-4458-8941-92C2EFEC8F0F}.Debug|Any CPU.ActiveCfg = Debug|Any CPU
		{ECD0D927-3E0C-4458-8941-92C2EFEC8F0F}.Debug|Any CPU.Build.0 = Debug|Any CPU
		{ECD0D927-3E0C-4458-8941-92C2EFEC8F0F}.Release|Any CPU.ActiveCfg = Release|Any CPU
		{ECD0D927-3E0C-4458-8941-92C2EFEC8F0F}.Release|Any CPU.Build.0 = Release|Any CPU
		{7ACF798C-B743-4BBC-A075-389B10791664}.Debug|Any CPU.ActiveCfg = Debug|Any CPU
		{7ACF798C-B743-4BBC-A075-389B10791664}.Debug|Any CPU.Build.0 = Debug|Any CPU
		{7ACF798C-B743-4BBC-A075-389B10791664}.Release|Any CPU.ActiveCfg = Release|Any CPU
		{7ACF798C-B743-4BBC-A075-389B10791664}.Release|Any CPU.Build.0 = Release|Any CPU
		{70D6676A-4C58-4EF3-A39C-E4107472587C}.Debug|Any CPU.ActiveCfg = Debug|Any CPU
		{70D6676A-4C58-4EF3-A39C-E4107472587C}.Debug|Any CPU.Build.0 = Debug|Any CPU
		{70D6676A-4C58-4EF3-A39C-E4107472587C}.Release|Any CPU.ActiveCfg = Release|Any CPU
		{70D6676A-4C58-4EF3-A39C-E4107472587C}.Release|Any CPU.Build.0 = Release|Any CPU
	EndGlobalSection
	GlobalSection(SolutionProperties) = preSolution
		HideSolutionNode = FALSE
	EndGlobalSection
	GlobalSection(ExtensibilityGlobals) = postSolution
		SolutionGuid = {59AB5E41-5893-4EE2-98BF-374E5D6645B2}
	EndGlobalSection
EndGlobal
