
Microsoft Visual Studio Solution File, Format Version 12.00
# Visual Studio 15
VisualStudioVersion = 15.0.28010.2046
MinimumVisualStudioVersion = 10.0.40219.1
Project("{FAE04EC0-301F-11D3-BF4B-00C04F79EFBC}") = "01.BoxOfT", "01.BoxOfT\01.BoxOfT.csproj", "{F4A6FC0A-43C6-4544-B85A-1830DDABBFC0}"
EndProject
Project("{FAE04EC0-301F-11D3-BF4B-00C04F79EFBC}") = "02.GenericScale", "02.GeneticScale\02.GenericScale.csproj", "{58C650F7-799D-4510-A5F2-97B23409C88F}"
EndProject
Project("{FAE04EC0-301F-11D3-BF4B-00C04F79EFBC}") = "03.GenericArrayCreator", "03.GenericArrayCreator\03.GenericArrayCreator.csproj", "{9DDEA6E0-FED4-4228-A921-A08A1CD3C859}"
EndProject
Global
	GlobalSection(SolutionConfigurationPlatforms) = preSolution
		Debug|Any CPU = Debug|Any CPU
		Release|Any CPU = Release|Any CPU
	EndGlobalSection
	GlobalSection(ProjectConfigurationPlatforms) = postSolution
		{F4A6FC0A-43C6-4544-B85A-1830DDABBFC0}.Debug|Any CPU.ActiveCfg = Debug|Any CPU
		{F4A6FC0A-43C6-4544-B85A-1830DDABBFC0}.Debug|Any CPU.Build.0 = Debug|Any CPU
		{F4A6FC0A-43C6-4544-B85A-1830DDABBFC0}.Release|Any CPU.ActiveCfg = Release|Any CPU
		{F4A6FC0A-43C6-4544-B85A-1830DDABBFC0}.Release|Any CPU.Build.0 = Release|Any CPU
		{58C650F7-799D-4510-A5F2-97B23409C88F}.Debug|Any CPU.ActiveCfg = Debug|Any CPU
		{58C650F7-799D-4510-A5F2-97B23409C88F}.Debug|Any CPU.Build.0 = Debug|Any CPU
		{58C650F7-799D-4510-A5F2-97B23409C88F}.Release|Any CPU.ActiveCfg = Release|Any CPU
		{58C650F7-799D-4510-A5F2-97B23409C88F}.Release|Any CPU.Build.0 = Release|Any CPU
		{9DDEA6E0-FED4-4228-A921-A08A1CD3C859}.Debug|Any CPU.ActiveCfg = Debug|Any CPU
		{9DDEA6E0-FED4-4228-A921-A08A1CD3C859}.Debug|Any CPU.Build.0 = Debug|Any CPU
		{9DDEA6E0-FED4-4228-A921-A08A1CD3C859}.Release|Any CPU.ActiveCfg = Release|Any CPU
		{9DDEA6E0-FED4-4228-A921-A08A1CD3C859}.Release|Any CPU.Build.0 = Release|Any CPU
	EndGlobalSection
	GlobalSection(SolutionProperties) = preSolution
		HideSolutionNode = FALSE
	EndGlobalSection
	GlobalSection(ExtensibilityGlobals) = postSolution
		SolutionGuid = {4E5F8BF0-22B2-4223-BDAA-04B5B0D144EB}
	EndGlobalSection
EndGlobal
