
Microsoft Visual Studio Solution File, Format Version 12.00
# Visual Studio 15
VisualStudioVersion = 15.0.28010.2046
MinimumVisualStudioVersion = 10.0.40219.1
Project("{9A19103F-16F7-4668-BE54-9A1E7A4F7556}") = "Problem 1. Count Real Numbers", "Problem 1. Count Real Numbers\Problem 1. Count Real Numbers.csproj", "{9279C1D3-0ACF-4A07-A8CA-23B71715F5BE}"
EndProject
Project("{9A19103F-16F7-4668-BE54-9A1E7A4F7556}") = "Problem 2. Odd Occurrences", "Problem 2. Odd Occurrences\Problem 2. Odd Occurrences.csproj", "{2912E225-324A-4741-A60A-19A1B7B6A43E}"
EndProject
Project("{9A19103F-16F7-4668-BE54-9A1E7A4F7556}") = "Problem 3. Word Synonym", "Problem 3. Word Synonym\Problem 3. Word Synonym.csproj", "{07CEC72A-6BA6-412D-8B95-95B4A5EC2080}"
EndProject
Project("{FAE04EC0-301F-11D3-BF4B-00C04F79EFBC}") = "Problem 4. Largest 3 Numbers", "Problem 4. Largest 3 Numbers\Problem 4. Largest 3 Numbers.csproj", "{D2BDA071-6F15-4E70-B5D3-078CF811D6EE}"
EndProject
Project("{FAE04EC0-301F-11D3-BF4B-00C04F79EFBC}") = "Problem 5. Word Filter", "Problem 5. Word Filter\Problem 5. Word Filter.csproj", "{A12E532E-8CD9-42CC-BA99-5196A9C9674D}"
EndProject
Global
	GlobalSection(SolutionConfigurationPlatforms) = preSolution
		Debug|Any CPU = Debug|Any CPU
		Release|Any CPU = Release|Any CPU
	EndGlobalSection
	GlobalSection(ProjectConfigurationPlatforms) = postSolution
		{9279C1D3-0ACF-4A07-A8CA-23B71715F5BE}.Debug|Any CPU.ActiveCfg = Debug|Any CPU
		{9279C1D3-0ACF-4A07-A8CA-23B71715F5BE}.Debug|Any CPU.Build.0 = Debug|Any CPU
		{9279C1D3-0ACF-4A07-A8CA-23B71715F5BE}.Release|Any CPU.ActiveCfg = Release|Any CPU
		{9279C1D3-0ACF-4A07-A8CA-23B71715F5BE}.Release|Any CPU.Build.0 = Release|Any CPU
		{2912E225-324A-4741-A60A-19A1B7B6A43E}.Debug|Any CPU.ActiveCfg = Debug|Any CPU
		{2912E225-324A-4741-A60A-19A1B7B6A43E}.Debug|Any CPU.Build.0 = Debug|Any CPU
		{2912E225-324A-4741-A60A-19A1B7B6A43E}.Release|Any CPU.ActiveCfg = Release|Any CPU
		{2912E225-324A-4741-A60A-19A1B7B6A43E}.Release|Any CPU.Build.0 = Release|Any CPU
		{07CEC72A-6BA6-412D-8B95-95B4A5EC2080}.Debug|Any CPU.ActiveCfg = Debug|Any CPU
		{07CEC72A-6BA6-412D-8B95-95B4A5EC2080}.Debug|Any CPU.Build.0 = Debug|Any CPU
		{07CEC72A-6BA6-412D-8B95-95B4A5EC2080}.Release|Any CPU.ActiveCfg = Release|Any CPU
		{07CEC72A-6BA6-412D-8B95-95B4A5EC2080}.Release|Any CPU.Build.0 = Release|Any CPU
		{D2BDA071-6F15-4E70-B5D3-078CF811D6EE}.Debug|Any CPU.ActiveCfg = Debug|Any CPU
		{D2BDA071-6F15-4E70-B5D3-078CF811D6EE}.Debug|Any CPU.Build.0 = Debug|Any CPU
		{D2BDA071-6F15-4E70-B5D3-078CF811D6EE}.Release|Any CPU.ActiveCfg = Release|Any CPU
		{D2BDA071-6F15-4E70-B5D3-078CF811D6EE}.Release|Any CPU.Build.0 = Release|Any CPU
		{A12E532E-8CD9-42CC-BA99-5196A9C9674D}.Debug|Any CPU.ActiveCfg = Debug|Any CPU
		{A12E532E-8CD9-42CC-BA99-5196A9C9674D}.Debug|Any CPU.Build.0 = Debug|Any CPU
		{A12E532E-8CD9-42CC-BA99-5196A9C9674D}.Release|Any CPU.ActiveCfg = Release|Any CPU
		{A12E532E-8CD9-42CC-BA99-5196A9C9674D}.Release|Any CPU.Build.0 = Release|Any CPU
	EndGlobalSection
	GlobalSection(SolutionProperties) = preSolution
		HideSolutionNode = FALSE
	EndGlobalSection
	GlobalSection(ExtensibilityGlobals) = postSolution
		SolutionGuid = {EA903F86-3E3C-4D12-8079-07026C034738}
	EndGlobalSection
EndGlobal
