
Microsoft Visual Studio Solution File, Format Version 12.00
# Visual Studio 15
VisualStudioVersion = 15.0.28307.421
MinimumVisualStudioVersion = 10.0.40219.1
Project("{FAE04EC0-301F-11D3-BF4B-00C04F79EFBC}") = "04.HitList", "04.HitList\04.HitList.csproj", "{9E13D43E-9C79-4F00-8ADF-587C92C632A4}"
EndProject
Global
	GlobalSection(SolutionConfigurationPlatforms) = preSolution
		Debug|Any CPU = Debug|Any CPU
		Release|Any CPU = Release|Any CPU
	EndGlobalSection
	GlobalSection(ProjectConfigurationPlatforms) = postSolution
		{9E13D43E-9C79-4F00-8ADF-587C92C632A4}.Debug|Any CPU.ActiveCfg = Debug|Any CPU
		{9E13D43E-9C79-4F00-8ADF-587C92C632A4}.Debug|Any CPU.Build.0 = Debug|Any CPU
		{9E13D43E-9C79-4F00-8ADF-587C92C632A4}.Release|Any CPU.ActiveCfg = Release|Any CPU
		{9E13D43E-9C79-4F00-8ADF-587C92C632A4}.Release|Any CPU.Build.0 = Release|Any CPU
	EndGlobalSection
	GlobalSection(SolutionProperties) = preSolution
		HideSolutionNode = FALSE
	EndGlobalSection
	GlobalSection(ExtensibilityGlobals) = postSolution
		SolutionGuid = {02DD64AD-C306-48D9-9082-2E16696DEA56}
	EndGlobalSection
EndGlobal
