
Microsoft Visual Studio Solution File, Format Version 12.00
# Visual Studio 15
VisualStudioVersion = 15.0.27130.2027
MinimumVisualStudioVersion = 10.0.40219.1
Project("{9A19103F-16F7-4668-BE54-9A1E7A4F7556}") = "Problem 1. Ages", "Problem 1. Ages\Problem 1. Ages.csproj", "{83BEF96E-3264-4655-8890-BE24B20CDC13}"
EndProject
Project("{9A19103F-16F7-4668-BE54-9A1E7A4F7556}") = "Problem 10. Rage Epxenses", "Problem 10. Rage Epxenses\Problem 10. Rage Epxenses.csproj", "{2AB966AD-49C0-4A1C-8A95-53FC9AC8406B}"
EndProject
Project("{9A19103F-16F7-4668-BE54-9A1E7A4F7556}") = "Problem 9. Padawan Equipment", "Problem 9. Padawan Equipment\Problem 9. Padawan Equipment.csproj", "{D10EF4C3-61F7-451C-92E0-C90E8C61FE25}"
EndProject
Project("{9A19103F-16F7-4668-BE54-9A1E7A4F7556}") = "Problem 8. Triangle of Numbers", "Problem 8. Triangle of Numbers\Problem 8. Triangle of Numbers.csproj", "{2DEAF45E-6EE7-4936-A2DA-E4427B99A6DF}"
EndProject
Project("{9A19103F-16F7-4668-BE54-9A1E7A4F7556}") = "Problem 7. Vending Machine", "Problem 7. Vending Machine\Problem 7. Vending Machine.csproj", "{E21470DA-7F35-4A0E-9001-BD64CDA89E6B}"
EndProject
Project("{9A19103F-16F7-4668-BE54-9A1E7A4F7556}") = "Problem 6. Strong Number", "Problem 6. Strong Number\Problem 6. Strong Number.csproj", "{D751FF36-22D4-481B-A952-CD4B069CAED9}"
EndProject
Project("{9A19103F-16F7-4668-BE54-9A1E7A4F7556}") = "Problem 5. Login", "Problem 5. Login\Problem 5. Login.csproj", "{3EAC2045-F343-4091-B9A4-AE1B3D3B837A}"
EndProject
Project("{FAE04EC0-301F-11D3-BF4B-00C04F79EFBC}") = "Problem 4. Print and Sum", "Problem 4. Print and Sum\Problem 4. Print and Sum.csproj", "{8EFBAB34-8EA8-447D-B8BA-0540C45A6CDE}"
EndProject
Project("{FAE04EC0-301F-11D3-BF4B-00C04F79EFBC}") = "Problem 3. Vacation", "Problem 3. Vacation\Problem 3. Vacation.csproj", "{AD34044E-5CAE-4A7D-9BEA-80C3DFB0DAAC}"
EndProject
Project("{FAE04EC0-301F-11D3-BF4B-00C04F79EFBC}") = "Problem 2. Devision", "Problem 2. Devision\Problem 2. Devision.csproj", "{0019BAD8-0B01-4945-B29E-23127458A1DF}"
EndProject
Global
	GlobalSection(SolutionConfigurationPlatforms) = preSolution
		Debug|Any CPU = Debug|Any CPU
		Release|Any CPU = Release|Any CPU
	EndGlobalSection
	GlobalSection(ProjectConfigurationPlatforms) = postSolution
		{83BEF96E-3264-4655-8890-BE24B20CDC13}.Debug|Any CPU.ActiveCfg = Debug|Any CPU
		{83BEF96E-3264-4655-8890-BE24B20CDC13}.Debug|Any CPU.Build.0 = Debug|Any CPU
		{83BEF96E-3264-4655-8890-BE24B20CDC13}.Release|Any CPU.ActiveCfg = Release|Any CPU
		{83BEF96E-3264-4655-8890-BE24B20CDC13}.Release|Any CPU.Build.0 = Release|Any CPU
		{2AB966AD-49C0-4A1C-8A95-53FC9AC8406B}.Debug|Any CPU.ActiveCfg = Debug|Any CPU
		{2AB966AD-49C0-4A1C-8A95-53FC9AC8406B}.Debug|Any CPU.Build.0 = Debug|Any CPU
		{2AB966AD-49C0-4A1C-8A95-53FC9AC8406B}.Release|Any CPU.ActiveCfg = Release|Any CPU
		{2AB966AD-49C0-4A1C-8A95-53FC9AC8406B}.Release|Any CPU.Build.0 = Release|Any CPU
		{D10EF4C3-61F7-451C-92E0-C90E8C61FE25}.Debug|Any CPU.ActiveCfg = Debug|Any CPU
		{D10EF4C3-61F7-451C-92E0-C90E8C61FE25}.Debug|Any CPU.Build.0 = Debug|Any CPU
		{D10EF4C3-61F7-451C-92E0-C90E8C61FE25}.Release|Any CPU.ActiveCfg = Release|Any CPU
		{D10EF4C3-61F7-451C-92E0-C90E8C61FE25}.Release|Any CPU.Build.0 = Release|Any CPU
		{2DEAF45E-6EE7-4936-A2DA-E4427B99A6DF}.Debug|Any CPU.ActiveCfg = Debug|Any CPU
		{2DEAF45E-6EE7-4936-A2DA-E4427B99A6DF}.Debug|Any CPU.Build.0 = Debug|Any CPU
		{2DEAF45E-6EE7-4936-A2DA-E4427B99A6DF}.Release|Any CPU.ActiveCfg = Release|Any CPU
		{2DEAF45E-6EE7-4936-A2DA-E4427B99A6DF}.Release|Any CPU.Build.0 = Release|Any CPU
		{E21470DA-7F35-4A0E-9001-BD64CDA89E6B}.Debug|Any CPU.ActiveCfg = Debug|Any CPU
		{E21470DA-7F35-4A0E-9001-BD64CDA89E6B}.Debug|Any CPU.Build.0 = Debug|Any CPU
		{E21470DA-7F35-4A0E-9001-BD64CDA89E6B}.Release|Any CPU.ActiveCfg = Release|Any CPU
		{E21470DA-7F35-4A0E-9001-BD64CDA89E6B}.Release|Any CPU.Build.0 = Release|Any CPU
		{D751FF36-22D4-481B-A952-CD4B069CAED9}.Debug|Any CPU.ActiveCfg = Debug|Any CPU
		{D751FF36-22D4-481B-A952-CD4B069CAED9}.Debug|Any CPU.Build.0 = Debug|Any CPU
		{D751FF36-22D4-481B-A952-CD4B069CAED9}.Release|Any CPU.ActiveCfg = Release|Any CPU
		{D751FF36-22D4-481B-A952-CD4B069CAED9}.Release|Any CPU.Build.0 = Release|Any CPU
		{3EAC2045-F343-4091-B9A4-AE1B3D3B837A}.Debug|Any CPU.ActiveCfg = Debug|Any CPU
		{3EAC2045-F343-4091-B9A4-AE1B3D3B837A}.Debug|Any CPU.Build.0 = Debug|Any CPU
		{3EAC2045-F343-4091-B9A4-AE1B3D3B837A}.Release|Any CPU.ActiveCfg = Release|Any CPU
		{3EAC2045-F343-4091-B9A4-AE1B3D3B837A}.Release|Any CPU.Build.0 = Release|Any CPU
		{8EFBAB34-8EA8-447D-B8BA-0540C45A6CDE}.Debug|Any CPU.ActiveCfg = Debug|Any CPU
		{8EFBAB34-8EA8-447D-B8BA-0540C45A6CDE}.Debug|Any CPU.Build.0 = Debug|Any CPU
		{8EFBAB34-8EA8-447D-B8BA-0540C45A6CDE}.Release|Any CPU.ActiveCfg = Release|Any CPU
		{8EFBAB34-8EA8-447D-B8BA-0540C45A6CDE}.Release|Any CPU.Build.0 = Release|Any CPU
		{AD34044E-5CAE-4A7D-9BEA-80C3DFB0DAAC}.Debug|Any CPU.ActiveCfg = Debug|Any CPU
		{AD34044E-5CAE-4A7D-9BEA-80C3DFB0DAAC}.Debug|Any CPU.Build.0 = Debug|Any CPU
		{AD34044E-5CAE-4A7D-9BEA-80C3DFB0DAAC}.Release|Any CPU.ActiveCfg = Release|Any CPU
		{AD34044E-5CAE-4A7D-9BEA-80C3DFB0DAAC}.Release|Any CPU.Build.0 = Release|Any CPU
		{0019BAD8-0B01-4945-B29E-23127458A1DF}.Debug|Any CPU.ActiveCfg = Debug|Any CPU
		{0019BAD8-0B01-4945-B29E-23127458A1DF}.Debug|Any CPU.Build.0 = Debug|Any CPU
		{0019BAD8-0B01-4945-B29E-23127458A1DF}.Release|Any CPU.ActiveCfg = Release|Any CPU
		{0019BAD8-0B01-4945-B29E-23127458A1DF}.Release|Any CPU.Build.0 = Release|Any CPU
	EndGlobalSection
	GlobalSection(SolutionProperties) = preSolution
		HideSolutionNode = FALSE
	EndGlobalSection
	GlobalSection(ExtensibilityGlobals) = postSolution
		SolutionGuid = {6563C41A-5BC7-4670-A529-36209B24C5FC}
	EndGlobalSection
EndGlobal
